
Microsoft Visual Studio Solution File, Format Version 12.00
# Visual Studio Version 16
VisualStudioVersion = 16.0.31624.102
MinimumVisualStudioVersion = 10.0.40219.1
Project("{8BC9CEB8-8B4A-11D0-8D11-00A0C91BC942}") = "241007WinapiDirect3d", "241007WinapiDirect3d\241007WinapiDirect3d.vcxproj", "{8C2EB6D9-694E-478B-86D1-993503F6677E}"
EndProject
Global
	GlobalSection(SolutionConfigurationPlatforms) = preSolution
		Debug|x64 = Debug|x64
		Debug|x86 = Debug|x86
		Release|x64 = Release|x64
		Release|x86 = Release|x86
	EndGlobalSection
	GlobalSection(ProjectConfigurationPlatforms) = postSolution
		{8C2EB6D9-694E-478B-86D1-993503F6677E}.Debug|x64.ActiveCfg = Debug|x64
		{8C2EB6D9-694E-478B-86D1-993503F6677E}.Debug|x64.Build.0 = Debug|x64
		{8C2EB6D9-694E-478B-86D1-993503F6677E}.Debug|x86.ActiveCfg = Debug|Win32
		{8C2EB6D9-694E-478B-86D1-993503F6677E}.Debug|x86.Build.0 = Debug|Win32
		{8C2EB6D9-694E-478B-86D1-993503F6677E}.Release|x64.ActiveCfg = Release|x64
		{8C2EB6D9-694E-478B-86D1-993503F6677E}.Release|x64.Build.0 = Release|x64
		{8C2EB6D9-694E-478B-86D1-993503F6677E}.Release|x86.ActiveCfg = Release|Win32
		{8C2EB6D9-694E-478B-86D1-993503F6677E}.Release|x86.Build.0 = Release|Win32
	EndGlobalSection
	GlobalSection(SolutionProperties) = preSolution
		HideSolutionNode = FALSE
	EndGlobalSection
	GlobalSection(ExtensibilityGlobals) = postSolution
		SolutionGuid = {8DCA8F9E-ED98-42A3-84C1-65B6D3647082}
	EndGlobalSection
EndGlobal
